
Microsoft Visual Studio Solution File, Format Version 12.00
# Visual Studio 14
VisualStudioVersion = 14.0.25420.1
MinimumVisualStudioVersion = 10.0.40219.1
Project("{FAE04EC0-301F-11D3-BF4B-00C04F79EFBC}") = "Lab16_17_Graphs", "Lab16_17_Graphs\Lab16_17_Graphs.csproj", "{514F7DB8-484C-4E2D-A8EF-FAABCEC6A222}"
EndProject
Global
	GlobalSection(SolutionConfigurationPlatforms) = preSolution
		Debug|Any CPU = Debug|Any CPU
		Release|Any CPU = Release|Any CPU
	EndGlobalSection
	GlobalSection(ProjectConfigurationPlatforms) = postSolution
		{514F7DB8-484C-4E2D-A8EF-FAABCEC6A222}.Debug|Any CPU.ActiveCfg = Debug|Any CPU
		{514F7DB8-484C-4E2D-A8EF-FAABCEC6A222}.Debug|Any CPU.Build.0 = Debug|Any CPU
		{514F7DB8-484C-4E2D-A8EF-FAABCEC6A222}.Release|Any CPU.ActiveCfg = Release|Any CPU
		{514F7DB8-484C-4E2D-A8EF-FAABCEC6A222}.Release|Any CPU.Build.0 = Release|Any CPU
	EndGlobalSection
	GlobalSection(SolutionProperties) = preSolution
		HideSolutionNode = FALSE
	EndGlobalSection
EndGlobal
